
Microsoft Visual Studio Solution File, Format Version 12.00
# Visual Studio 14
VisualStudioVersion = 14.0.25420.1
MinimumVisualStudioVersion = 10.0.40219.1
Project("{2150E333-8FDC-42A3-9474-1A3956D46DE8}") = "src", "src", "{46A7C28F-851A-4B1B-9EF9-56D7FFF05B7E}"
EndProject
Project("{2150E333-8FDC-42A3-9474-1A3956D46DE8}") = "Solution Items", "Solution Items", "{A39040B7-6F11-4E0F-B23A-2756BE2A5803}"
	ProjectSection(SolutionItems) = preProject
		global.json = global.json
	EndProjectSection
EndProject
Project("{8BB2217D-0F2D-49D1-97BC-3654ED321F3B}") = "CourseApi", "src\CourseApi\CourseApi.xproj", "{86C3C8ED-9FED-4F8F-8408-FD44AFDB3092}"
	ProjectSection(ProjectDependencies) = postProject
		{7180DBAD-68C8-4765-BF27-3B2D6425E0D1} = {7180DBAD-68C8-4765-BF27-3B2D6425E0D1}
		{D8421FFC-24EE-4500-B3AD-3A6F41AF93A8} = {D8421FFC-24EE-4500-B3AD-3A6F41AF93A8}
	EndProjectSection
EndProject
Project("{8BB2217D-0F2D-49D1-97BC-3654ED321F3B}") = "CourseApi.Services", "src\CourseApi.Services\CourseApi.Services.xproj", "{7180DBAD-68C8-4765-BF27-3B2D6425E0D1}"
EndProject
Project("{8BB2217D-0F2D-49D1-97BC-3654ED321F3B}") = "CourseApi.FakeRepositories", "src\CourseApi.FakeRepositories\CourseApi.FakeRepositories.xproj", "{DF5AD418-33C6-4FFD-9C96-28A07FAAE173}"
EndProject
Project("{8BB2217D-0F2D-49D1-97BC-3654ED321F3B}") = "CourseApi.Models", "src\CourseApi.Models\CourseApi.Models.xproj", "{D8421FFC-24EE-4500-B3AD-3A6F41AF93A8}"
EndProject
Global
	GlobalSection(SolutionConfigurationPlatforms) = preSolution
		Debug|Any CPU = Debug|Any CPU
		Release|Any CPU = Release|Any CPU
	EndGlobalSection
	GlobalSection(ProjectConfigurationPlatforms) = postSolution
		{86C3C8ED-9FED-4F8F-8408-FD44AFDB3092}.Debug|Any CPU.ActiveCfg = Debug|Any CPU
		{86C3C8ED-9FED-4F8F-8408-FD44AFDB3092}.Debug|Any CPU.Build.0 = Debug|Any CPU
		{86C3C8ED-9FED-4F8F-8408-FD44AFDB3092}.Release|Any CPU.ActiveCfg = Release|Any CPU
		{86C3C8ED-9FED-4F8F-8408-FD44AFDB3092}.Release|Any CPU.Build.0 = Release|Any CPU
		{7180DBAD-68C8-4765-BF27-3B2D6425E0D1}.Debug|Any CPU.ActiveCfg = Debug|Any CPU
		{7180DBAD-68C8-4765-BF27-3B2D6425E0D1}.Debug|Any CPU.Build.0 = Debug|Any CPU
		{7180DBAD-68C8-4765-BF27-3B2D6425E0D1}.Release|Any CPU.ActiveCfg = Release|Any CPU
		{7180DBAD-68C8-4765-BF27-3B2D6425E0D1}.Release|Any CPU.Build.0 = Release|Any CPU
		{DF5AD418-33C6-4FFD-9C96-28A07FAAE173}.Debug|Any CPU.ActiveCfg = Debug|Any CPU
		{DF5AD418-33C6-4FFD-9C96-28A07FAAE173}.Debug|Any CPU.Build.0 = Debug|Any CPU
		{DF5AD418-33C6-4FFD-9C96-28A07FAAE173}.Release|Any CPU.ActiveCfg = Release|Any CPU
		{DF5AD418-33C6-4FFD-9C96-28A07FAAE173}.Release|Any CPU.Build.0 = Release|Any CPU
		{D8421FFC-24EE-4500-B3AD-3A6F41AF93A8}.Debug|Any CPU.ActiveCfg = Debug|Any CPU
		{D8421FFC-24EE-4500-B3AD-3A6F41AF93A8}.Debug|Any CPU.Build.0 = Debug|Any CPU
		{D8421FFC-24EE-4500-B3AD-3A6F41AF93A8}.Release|Any CPU.ActiveCfg = Release|Any CPU
		{D8421FFC-24EE-4500-B3AD-3A6F41AF93A8}.Release|Any CPU.Build.0 = Release|Any CPU
	EndGlobalSection
	GlobalSection(SolutionProperties) = preSolution
		HideSolutionNode = FALSE
	EndGlobalSection
	GlobalSection(NestedProjects) = preSolution
		{86C3C8ED-9FED-4F8F-8408-FD44AFDB3092} = {46A7C28F-851A-4B1B-9EF9-56D7FFF05B7E}
		{7180DBAD-68C8-4765-BF27-3B2D6425E0D1} = {46A7C28F-851A-4B1B-9EF9-56D7FFF05B7E}
		{DF5AD418-33C6-4FFD-9C96-28A07FAAE173} = {46A7C28F-851A-4B1B-9EF9-56D7FFF05B7E}
		{D8421FFC-24EE-4500-B3AD-3A6F41AF93A8} = {46A7C28F-851A-4B1B-9EF9-56D7FFF05B7E}
	EndGlobalSection
EndGlobal
